// !$*UTF8*$!
{
	archiveVersion = 1;
	classes = {
	};
	objectVersion = 46;
	objects = {

/* Begin PBXBuildFile section */
		A1C5B6BC1BAA99B000AD9987 /* main.m in Sources */ = {isa = PBXBuildFile; fileRef = A1C5B6BB1BAA99B000AD9987 /* main.m */; };
		A1C5B6BF1BAA99B000AD9987 /* AppDelegate.m in Sources */ = {isa = PBXBuildFile; fileRef = A1C5B6BE1BAA99B000AD9987 /* AppDelegate.m */; };
		A1C5B6C21BAA99B000AD9987 /* ViewController.m in Sources */ = {isa = PBXBuildFile; fileRef = A1C5B6C11BAA99B000AD9987 /* ViewController.m */; };
		A1C5B6C51BAA99B000AD9987 /* Main.storyboard in Resources */ = {isa = PBXBuildFile; fileRef = A1C5B6C31BAA99B000AD9987 /* Main.storyboard */; };
		A1C5B6C71BAA99B000AD9987 /* Images.xcassets in Resources */ = {isa = PBXBuildFile; fileRef = A1C5B6C61BAA99B000AD9987 /* Images.xcassets */; };
		A1C5B6CA1BAA99B000AD9987 /* LaunchScreen.xib in Resources */ = {isa = PBXBuildFile; fileRef = A1C5B6C81BAA99B000AD9987 /* LaunchScreen.xib */; };
		A1C5B6D61BAA99B000AD9987 /* SASpecialButtonTests.m in Sources */ = {isa = PBXBuildFile; fileRef = A1C5B6D51BAA99B000AD9987 /* SASpecialButtonTests.m */; };
		A1C5B6E11BAA99C300AD9987 /* SAButton.m in Sources */ = {isa = PBXBuildFile; fileRef = A1C5B6E01BAA99C300AD9987 /* SAButton.m */; };
/* End PBXBuildFile section */

/* Begin PBXContainerItemProxy section */
		A1C5B6D01BAA99B000AD9987 /* PBXContainerItemProxy */ = {
			isa = PBXContainerItemProxy;
			containerPortal = A1C5B6AE1BAA99B000AD9987 /* Project object */;
			proxyType = 1;
			remoteGlobalIDString = A1C5B6B51BAA99B000AD9987;
			remoteInfo = SASpecialButton;
		};
/* End PBXContainerItemProxy section */

/* Begin PBXFileReference section */
		A1C5B6B61BAA99B000AD9987 /* SASpecialButton.app */ = {isa = PBXFileReference; explicitFileType = wrapper.application; includeInIndex = 0; path = SASpecialButton.app; sourceTree = BUILT_PRODUCTS_DIR; };
		A1C5B6BA1BAA99B000AD9987 /* Info.plist */ = {isa = PBXFileReference; lastKnownFileType = text.plist.xml; path = Info.plist; sourceTree = "<group>"; };
		A1C5B6BB1BAA99B000AD9987 /* main.m */ = {isa = PBXFileReference; lastKnownFileType = sourcecode.c.objc; path = main.m; sourceTree = "<group>"; };
		A1C5B6BD1BAA99B000AD9987 /* AppDelegate.h */ = {isa = PBXFileReference; lastKnownFileType = sourcecode.c.h; path = AppDelegate.h; sourceTree = "<group>"; };
		A1C5B6BE1BAA99B000AD9987 /* AppDelegate.m */ = {isa = PBXFileReference; lastKnownFileType = sourcecode.c.objc; path = AppDelegate.m; sourceTree = "<group>"; };
		A1C5B6C01BAA99B000AD9987 /* ViewController.h */ = {isa = PBXFileReference; lastKnownFileType = sourcecode.c.h; path = ViewController.h; sourceTree = "<group>"; };
		A1C5B6C11BAA99B000AD9987 /* ViewController.m */ = {isa = PBXFileReference; lastKnownFileType = sourcecode.c.objc; path = ViewController.m; sourceTree = "<group>"; };
		A1C5B6C41BAA99B000AD9987 /* Base */ = {isa = PBXFileReference; lastKnownFileType = file.storyboard; name = Base; path = Base.lproj/Main.storyboard; sourceTree = "<group>"; };
		A1C5B6C61BAA99B000AD9987 /* Images.xcassets */ = {isa = PBXFileReference; lastKnownFileType = folder.assetcatalog; path = Images.xcassets; sourceTree = "<group>"; };
		A1C5B6C91BAA99B000AD9987 /* Base */ = {isa = PBXFileReference; lastKnownFileType = file.xib; name = Base; path = Base.lproj/LaunchScreen.xib; sourceTree = "<group>"; };
		A1C5B6CF1BAA99B000AD9987 /* SASpecialButtonTests.xctest */ = {isa = PBXFileReference; explicitFileType = wrapper.cfbundle; includeInIndex = 0; path = SASpecialButtonTests.xctest; sourceTree = BUILT_PRODUCTS_DIR; };
		A1C5B6D41BAA99B000AD9987 /* Info.plist */ = {isa = PBXFileReference; lastKnownFileType = text.plist.xml; path = Info.plist; sourceTree = "<group>"; };
		A1C5B6D51BAA99B000AD9987 /* SASpecialButtonTests.m */ = {isa = PBXFileReference; lastKnownFileType = sourcecode.c.objc; path = SASpecialButtonTests.m; sourceTree = "<group>"; };
		A1C5B6DF1BAA99C300AD9987 /* SAButton.h */ = {isa = PBXFileReference; fileEncoding = 4; lastKnownFileType = sourcecode.c.h; path = SAButton.h; sourceTree = "<group>"; };
		A1C5B6E01BAA99C300AD9987 /* SAButton.m */ = {isa = PBXFileReference; fileEncoding = 4; lastKnownFileType = sourcecode.c.objc; path = SAButton.m; sourceTree = "<group>"; };
/* End PBXFileReference section */

/* Begin PBXFrameworksBuildPhase section */
		A1C5B6B31BAA99B000AD9987 /* Frameworks */ = {
			isa = PBXFrameworksBuildPhase;
			buildActionMask = 2147483647;
			files = (
			);
			runOnlyForDeploymentPostprocessing = 0;
		};
		A1C5B6CC1BAA99B000AD9987 /* Frameworks */ = {
			isa = PBXFrameworksBuildPhase;
			buildActionMask = 2147483647;
			files = (
			);
			runOnlyForDeploymentPostprocessing = 0;
		};
/* End PBXFrameworksBuildPhase section */

/* Begin PBXGroup section */
		A1C5B6AD1BAA99B000AD9987 = {
			isa = PBXGroup;
			children = (
				A1C5B6B81BAA99B000AD9987 /* SASpecialButton */,
				A1C5B6D21BAA99B000AD9987 /* SASpecialButtonTests */,
				A1C5B6B71BAA99B000AD9987 /* Products */,
			);
			sourceTree = "<group>";
		};
		A1C5B6B71BAA99B000AD9987 /* Products */ = {
			isa = PBXGroup;
			children = (
				A1C5B6B61BAA99B000AD9987 /* SASpecialButton.app */,
				A1C5B6CF1BAA99B000AD9987 /* SASpecialButtonTests.xctest */,
			);
			name = Products;
			sourceTree = "<group>";
		};
		A1C5B6B81BAA99B000AD9987 /* SASpecialButton */ = {
			isa = PBXGroup;
			children = (
				A1C5B6BD1BAA99B000AD9987 /* AppDelegate.h */,
				A1C5B6BE1BAA99B000AD9987 /* AppDelegate.m */,
				A1C5B6C01BAA99B000AD9987 /* ViewController.h */,
				A1C5B6C11BAA99B000AD9987 /* ViewController.m */,
				A1C5B6DF1BAA99C300AD9987 /* SAButton.h */,
				A1C5B6E01BAA99C300AD9987 /* SAButton.m */,
				A1C5B6C31BAA99B000AD9987 /* Main.storyboard */,
				A1C5B6C61BAA99B000AD9987 /* Images.xcassets */,
				A1C5B6C81BAA99B000AD9987 /* LaunchScreen.xib */,
				A1C5B6B91BAA99B000AD9987 /* Supporting Files */,
			);
			path = SASpecialButton;
			sourceTree = "<group>";
		};
		A1C5B6B91BAA99B000AD9987 /* Supporting Files */ = {
			isa = PBXGroup;
			children = (
				A1C5B6BA1BAA99B000AD9987 /* Info.plist */,
				A1C5B6BB1BAA99B000AD9987 /* main.m */,
			);
			name = "Supporting Files";
			sourceTree = "<group>";
		};
		A1C5B6D21BAA99B000AD9987 /* SASpecialButtonTests */ = {
			isa = PBXGroup;
			children = (
				A1C5B6D51BAA99B000AD9987 /* SASpecialButtonTests.m */,
				A1C5B6D31BAA99B000AD9987 /* Supporting Files */,
			);
			path = SASpecialButtonTests;
			sourceTree = "<group>";
		};
		A1C5B6D31BAA99B000AD9987 /* Supporting Files */ = {
			isa = PBXGroup;
			children = (
				A1C5B6D41BAA99B000AD9987 /* Info.plist */,
			);
			name = "Supporting Files";
			sourceTree = "<group>";
		};
/* End PBXGroup section */

/* Begin PBXNativeTarget section */
		A1C5B6B51BAA99B000AD9987 /* SASpecialButton */ = {
			isa = PBXNativeTarget;
			buildConfigurationList = A1C5B6D91BAA99B000AD9987 /* Build configuration list for PBXNativeTarget "SASpecialButton" */;
			buildPhases = (
				A1C5B6B21BAA99B000AD9987 /* Sources */,
				A1C5B6B31BAA99B000AD9987 /* Frameworks */,
				A1C5B6B41BAA99B000AD9987 /* Resources */,
			);
			buildRules = (
			);
			dependencies = (
			);
			name = SASpecialButton;
			productName = SASpecialButton;
			productReference = A1C5B6B61BAA99B000AD9987 /* SASpecialButton.app */;
			productType = "com.apple.product-type.application";
		};
		A1C5B6CE1BAA99B000AD9987 /* SASpecialButtonTests */ = {
			isa = PBXNativeTarget;
			buildConfigurationList = A1C5B6DC1BAA99B000AD9987 /* Build configuration list for PBXNativeTarget "SASpecialButtonTests" */;
			buildPhases = (
				A1C5B6CB1BAA99B000AD9987 /* Sources */,
				A1C5B6CC1BAA99B000AD9987 /* Frameworks */,
				A1C5B6CD1BAA99B000AD9987 /* Resources */,
			);
			buildRules = (
			);
			dependencies = (
				A1C5B6D11BAA99B000AD9987 /* PBXTargetDependency */,
			);
			name = SASpecialButtonTests;
			productName = SASpecialButtonTests;
			productReference = A1C5B6CF1BAA99B000AD9987 /* SASpecialButtonTests.xctest */;
			productType = "com.apple.product-type.bundle.unit-test";
		};
/* End PBXNativeTarget section */

/* Begin PBXProject section */
		A1C5B6AE1BAA99B000AD9987 /* Project object */ = {
			isa = PBXProject;
			attributes = {
				LastUpgradeCheck = 0640;
				ORGANIZATIONNAME = Andy;
				TargetAttributes = {
					A1C5B6B51BAA99B000AD9987 = {
						CreatedOnToolsVersion = 6.4;
					};
					A1C5B6CE1BAA99B000AD9987 = {
						CreatedOnToolsVersion = 6.4;
						TestTargetID = A1C5B6B51BAA99B000AD9987;
					};
				};
			};
			buildConfigurationList = A1C5B6B11BAA99B000AD9987 /* Build configuration list for PBXProject "SASpecialButton" */;
			compatibilityVersion = "Xcode 3.2";
			developmentRegion = English;
			hasScannedForEncodings = 0;
			knownRegions = (
				en,
				Base,
			);
			mainGroup = A1C5B6AD1BAA99B000AD9987;
			productRefGroup = A1C5B6B71BAA99B000AD9987 /* Products */;
			projectDirPath = "";
			projectRoot = "";
			targets = (
				A1C5B6B51BAA99B000AD9987 /* SASpecialButton */,
				A1C5B6CE1BAA99B000AD9987 /* SASpecialButtonTests */,
			);
		};
/* End PBXProject section */

/* Begin PBXResourcesBuildPhase section */
		A1C5B6B41BAA99B000AD9987 /* Resources */ = {
			isa = PBXResourcesBuildPhase;
			buildActionMask = 2147483647;
			files = (
				A1C5B6C51BAA99B000AD9987 /* Main.storyboard in Resources */,
				A1C5B6CA1BAA99B000AD9987 /* LaunchScreen.xib in Resources */,
				A1C5B6C71BAA99B000AD9987 /* Images.xcassets in Resources */,
			);
			runOnlyForDeploymentPostprocessing = 0;
		};
		A1C5B6CD1BAA99B000AD9987 /* Resources */ = {
			isa = PBXResourcesBuildPhase;
			buildActionMask = 2147483647;
			files = (
			);
			runOnlyForDeploymentPostprocessing = 0;
		};
/* End PBXResourcesBuildPhase section */

/* Begin PBXSourcesBuildPhase section */
		A1C5B6B21BAA99B000AD9987 /* Sources */ = {
			isa = PBXSourcesBuildPhase;
			buildActionMask = 2147483647;
			files = (
				A1C5B6C21BAA99B000AD9987 /* ViewController.m in Sources */,
				A1C5B6E11BAA99C300AD9987 /* SAButton.m in Sources */,
				A1C5B6BF1BAA99B000AD9987 /* AppDelegate.m in Sources */,
				A1C5B6BC1BAA99B000AD9987 /* main.m in Sources */,
			);
			runOnlyForDeploymentPostprocessing = 0;
		};
		A1C5B6CB1BAA99B000AD9987 /* Sources */ = {
			isa = PBXSourcesBuildPhase;
			buildActionMask = 2147483647;
			files = (
				A1C5B6D61BAA99B000AD9987 /* SASpecialButtonTests.m in Sources */,
			);
			runOnlyForDeploymentPostprocessing = 0;
		};
/* End PBXSourcesBuildPhase section */

/* Begin PBXTargetDependency section */
		A1C5B6D11BAA99B000AD9987 /* PBXTargetDependency */ = {
			isa = PBXTargetDependency;
			target = A1C5B6B51BAA99B000AD9987 /* SASpecialButton */;
			targetProxy = A1C5B6D01BAA99B000AD9987 /* PBXContainerItemProxy */;
		};
/* End PBXTargetDependency section */

/* Begin PBXVariantGroup section */
		A1C5B6C31BAA99B000AD9987 /* Main.storyboard */ = {
			isa = PBXVariantGroup;
			children = (
				A1C5B6C41BAA99B000AD9987 /* Base */,
			);
			name = Main.storyboard;
			sourceTree = "<group>";
		};
		A1C5B6C81BAA99B000AD9987 /* LaunchScreen.xib */ = {
			isa = PBXVariantGroup;
			children = (
				A1C5B6C91BAA99B000AD9987 /* Base */,
			);
			name = LaunchScreen.xib;
			sourceTree = "<group>";
		};
/* End PBXVariantGroup section */

/* Begin XCBuildConfiguration section */
		A1C5B6D71BAA99B000AD9987 /* Debug */ = {
			isa = XCBuildConfiguration;
			buildSettings = {
				ALWAYS_SEARCH_USER_PATHS = NO;
				CLANG_CXX_LANGUAGE_STANDARD = "gnu++0x";
				CLANG_CXX_LIBRARY = "libc++";
				CLANG_ENABLE_MODULES = YES;
				CLANG_ENABLE_OBJC_ARC = YES;
				CLANG_WARN_BOOL_CONVERSION = YES;
				CLANG_WARN_CONSTANT_CONVERSION = YES;
				CLANG_WARN_DIRECT_OBJC_ISA_USAGE = YES_ERROR;
				CLANG_WARN_EMPTY_BODY = YES;
				CLANG_WARN_ENUM_CONVERSION = YES;
				CLANG_WARN_INT_CONVERSION = YES;
				CLANG_WARN_OBJC_ROOT_CLASS = YES_ERROR;
				CLANG_WARN_UNREACHABLE_CODE = YES;
				CLANG_WARN__DUPLICATE_METHOD_MATCH = YES;
				"CODE_SIGN_IDENTITY[sdk=iphoneos*]" = "iPhone Developer";
				COPY_PHASE_STRIP = NO;
				DEBUG_INFORMATION_FORMAT = "dwarf-with-dsym";
				ENABLE_STRICT_OBJC_MSGSEND = YES;
				GCC_C_LANGUAGE_STANDARD = gnu99;
				GCC_DYNAMIC_NO_PIC = NO;
				GCC_NO_COMMON_BLOCKS = YES;
				GCC_OPTIMIZATION_LEVEL = 0;
				GCC_PREPROCESSOR_DEFINITIONS = (
					"DEBUG=1",
					"$(inherited)",
				);
				GCC_SYMBOLS_PRIVATE_EXTERN = NO;
				GCC_WARN_64_TO_32_BIT_CONVERSION = YES;
				GCC_WARN_ABOUT_RETURN_TYPE = YES_ERROR;
				GCC_WARN_UNDECLARED_SELECTOR = YES;
				GCC_WARN_UNINITIALIZED_AUTOS = YES_AGGRESSIVE;
				GCC_WARN_UNUSED_FUNCTION = YES;
				GCC_WARN_UNUSED_VARIABLE = YES;
				IPHONEOS_DEPLOYMENT_TARGET = 8.4;
				MTL_ENABLE_DEBUG_INFO = YES;
				ONLY_ACTIVE_ARCH = YES;
				SDKROOT = iphoneos;
				TARGETED_DEVICE_FAMILY = "1,2";
			};
			name = Debug;
		};
		A1C5B6D81BAA99B000AD9987 /* Release */ = {
			isa = XCBuildConfiguration;
			buildSettings = {
				ALWAYS_SEARCH_USER_PATHS = NO;
				CLANG_CXX_LANGUAGE_STANDARD = "gnu++0x";
				CLANG_CXX_LIBRARY = "libc++";
				CLANG_ENABLE_MODULES = YES;
				CLANG_ENABLE_OBJC_ARC = YES;
				CLANG_WARN_BOOL_CONVERSION = YES;
				CLANG_WARN_CONSTANT_CONVERSION = YES;
				CLANG_WARN_DIRECT_OBJC_ISA_USAGE = YES_ERROR;
				CLANG_WARN_EMPTY_BODY = YES;
				CLANG_WARN_ENUM_CONVERSION = YES;
				CLANG_WARN_INT_CONVERSION = YES;
				CLANG_WARN_OBJC_ROOT_CLASS = YES_ERROR;
				CLANG_WARN_UNREACHABLE_CODE = YES;
				CLANG_WARN__DUPLICATE_METHOD_MATCH = YES;
				"CODE_SIGN_IDENTITY[sdk=iphoneos*]" = "iPhone Developer";
				COPY_PHASE_STRIP = NO;
				DEBUG_INFORMATION_FORMAT = "dwarf-with-dsym";
				ENABLE_NS_ASSERTIONS = NO;
				ENABLE_STRICT_OBJC_MSGSEND = YES;
				GCC_C_LANGUAGE_STANDARD = gnu99;
				GCC_NO_COMMON_BLOCKS = YES;
				GCC_WARN_64_TO_32_BIT_CONVERSION = YES;
				GCC_WARN_ABOUT_RETURN_TYPE = YES_ERROR;
				GCC_WARN_UNDECLARED_SELECTOR = YES;
				GCC_WARN_UNINITIALIZED_AUTOS = YES_AGGRESSIVE;
				GCC_WARN_UNUSED_FUNCTION = YES;
				GCC_WARN_UNUSED_VARIABLE = YES;
				IPHONEOS_DEPLOYMENT_TARGET = 8.4;
				MTL_ENABLE_DEBUG_INFO = NO;
				SDKROOT = iphoneos;
				TARGETED_DEVICE_FAMILY = "1,2";
				VALIDATE_PRODUCT = YES;
			};
			name = Release;
		};
		A1C5B6DA1BAA99B000AD9987 /* Debug */ = {
			isa = XCBuildConfiguration;
			buildSettings = {
				ASSETCATALOG_COMPILER_APPICON_NAME = AppIcon;
				INFOPLIST_FILE = SASpecialButton/Info.plist;
				LD_RUNPATH_SEARCH_PATHS = "$(inherited) @executable_path/Frameworks";
				PRODUCT_NAME = "$(TARGET_NAME)";
			};
			name = Debug;
		};
		A1C5B6DB1BAA99B000AD9987 /* Release */ = {
			isa = XCBuildConfiguration;
			buildSettings = {
				ASSETCATALOG_COMPILER_APPICON_NAME = AppIcon;
				INFOPLIST_FILE = SASpecialButton/Info.plist;
				LD_RUNPATH_SEARCH_PATHS = "$(inherited) @executable_path/Frameworks";
				PRODUCT_NAME = "$(TARGET_NAME)";
			};
			name = Release;
		};
		A1C5B6DD1BAA99B000AD9987 /* Debug */ = {
			isa = XCBuildConfiguration;
			buildSettings = {
				BUNDLE_LOADER = "$(TEST_HOST)";
				FRAMEWORK_SEARCH_PATHS = (
					"$(SDKROOT)/Developer/Library/Frameworks",
					"$(inherited)",
				);
				GCC_PREPROCESSOR_DEFINITIONS = (
					"DEBUG=1",
					"$(inherited)",
				);
				INFOPLIST_FILE = SASpecialButtonTests/Info.plist;
				LD_RUNPATH_SEARCH_PATHS = "$(inherited) @executable_path/Frameworks @loader_path/Frameworks";
				PRODUCT_NAME = "$(TARGET_NAME)";
				TEST_HOST = "$(BUILT_PRODUCTS_DIR)/SASpecialButton.app/SASpecialButton";
			};
			name = Debug;
		};
		A1C5B6DE1BAA99B000AD9987 /* Release */ = {
			isa = XCBuildConfiguration;
			buildSettings = {
				BUNDLE_LOADER = "$(TEST_HOST)";
				FRAMEWORK_SEARCH_PATHS = (
					"$(SDKROOT)/Developer/Library/Frameworks",
					"$(inherited)",
				);
				INFOPLIST_FILE = SASpecialButtonTests/Info.plist;
				LD_RUNPATH_SEARCH_PATHS = "$(inherited) @executable_path/Frameworks @loader_path/Frameworks";
				PRODUCT_NAME = "$(TARGET_NAME)";
				TEST_HOST = "$(BUILT_PRODUCTS_DIR)/SASpecialButton.app/SASpecialButton";
			};
			name = Release;
		};
/* End XCBuildConfiguration section */

/* Begin XCConfigurationList section */
		A1C5B6B11BAA99B000AD9987 /* Build configuration list for PBXProject "SASpecialButton" */ = {
			isa = XCConfigurationList;
			buildConfigurations = (
				A1C5B6D71BAA99B000AD9987 /* Debug */,
				A1C5B6D81BAA99B000AD9987 /* Release */,
			);
			defaultConfigurationIsVisible = 0;
			defaultConfigurationName = Release;
		};
		A1C5B6D91BAA99B000AD9987 /* Build configuration list for PBXNativeTarget "SASpecialButton" */ = {
			isa = XCConfigurationList;
			buildConfigurations = (
				A1C5B6DA1BAA99B000AD9987 /* Debug */,
				A1C5B6DB1BAA99B000AD9987 /* Release */,
			);
			defaultConfigurationIsVisible = 0;
		};
		A1C5B6DC1BAA99B000AD9987 /* Build configuration list for PBXNativeTarget "SASpecialButtonTests" */ = {
			isa = XCConfigurationList;
			buildConfigurations = (
				A1C5B6DD1BAA99B000AD9987 /* Debug */,
				A1C5B6DE1BAA99B000AD9987 /* Release */,
			);
			defaultConfigurationIsVisible = 0;
		};
/* End XCConfigurationList section */
	};
	rootObject = A1C5B6AE1BAA99B000AD9987 /* Project object */;
}
